Microsoft Visual Studio Solution File, Format Version 12.00
# Visual Studio 14
VisualStudioVersion = 14.0.25420.0
MinimumVisualStudioVersion = 10.0.40219.1
Project("{FAE04EC0-301F-11D3-BF4B-00C04F79EFBC}") = "BankHoliday", "BankHoliday\BankHoliday.csproj", "{A7DCEE7B-735E-4270-9D7A-ED05E5A9BA55}"
EndProject
Global
	GlobalSection(SolutionConfigurationPlatforms) = preSolution
		Debug|Any CPU = Debug|Any CPU
		Release|Any CPU = Release|Any CPU
	EndGlobalSection
	GlobalSection(ProjectConfigurationPlatforms) = postSolution
		{A7DCEE7B-735E-4270-9D7A-ED05E5A9BA55}.Debug|Any CPU.ActiveCfg = Debug|Any CPU
		{A7DCEE7B-735E-4270-9D7A-ED05E5A9BA55}.Debug|Any CPU.Build.0 = Debug|Any CPU
		{A7DCEE7B-735E-4270-9D7A-ED05E5A9BA55}.Release|Any CPU.ActiveCfg = Release|Any CPU
		{A7DCEE7B-735E-4270-9D7A-ED05E5A9BA55}.Release|Any CPU.Build.0 = Release|Any CPU
	EndGlobalSection
	GlobalSection(SolutionProperties) = preSolution
		HideSolutionNode = FALSE
	EndGlobalSection
EndGlobal
